// !$*UTF8*$!
{
	archiveVersion = 1;
	classes = {
	};
	objectVersion = 50;
	objects = {

/* Begin PBXBuildFile section */
		1D89E7B220E0DF6D00B67CAE /* AppDelegate.m in Sources */ = {isa = PBXBuildFile; fileRef = 1D89E7B120E0DF6D00B67CAE /* AppDelegate.m */; };
		1D89E7B520E0DF6D00B67CAE /* ViewController.m in Sources */ = {isa = PBXBuildFile; fileRef = 1D89E7B420E0DF6D00B67CAE /* ViewController.m */; };
		1D89E7B820E0DF6D00B67CAE /* Main.storyboard in Resources */ = {isa = PBXBuildFile; fileRef = 1D89E7B620E0DF6D00B67CAE /* Main.storyboard */; };
		1D89E7BA20E0DF6F00B67CAE /* Assets.xcassets in Resources */ = {isa = PBXBuildFile; fileRef = 1D89E7B920E0DF6F00B67CAE /* Assets.xcassets */; };
		1D89E7BD20E0DF6F00B67CAE /* LaunchScreen.storyboard in Resources */ = {isa = PBXBuildFile; fileRef = 1D89E7BB20E0DF6F00B67CAE /* LaunchScreen.storyboard */; };
		1D89E7C020E0DF6F00B67CAE /* main.m in Sources */ = {isa = PBXBuildFile; fileRef = 1D89E7BF20E0DF6F00B67CAE /* main.m */; };
		1D89E7CA20E0DF6F00B67CAE /* RAC_MVVMTests.m in Sources */ = {isa = PBXBuildFile; fileRef = 1D89E7C920E0DF6F00B67CAE /* RAC_MVVMTests.m */; };
		1D89E7D520E0DF7000B67CAE /* RAC_MVVMUITests.m in Sources */ = {isa = PBXBuildFile; fileRef = 1D89E7D420E0DF7000B67CAE /* RAC_MVVMUITests.m */; };
		1D89E7E620E1DFE300B67CAE /* RACDelegateViewController.m in Sources */ = {isa = PBXBuildFile; fileRef = 1D89E7E520E1DFE300B67CAE /* RACDelegateViewController.m */; };
		1D89E80720E2252400B67CAE /* ModelBase.m in Sources */ = {isa = PBXBuildFile; fileRef = 1D89E80620E2252400B67CAE /* ModelBase.m */; };
		1D89E80A20E2253300B67CAE /* MovieModel.m in Sources */ = {isa = PBXBuildFile; fileRef = 1D89E80920E2253200B67CAE /* MovieModel.m */; };
		1D89E80D20E22A7000B67CAE /* MovieCollectionViewCell.m in Sources */ = {isa = PBXBuildFile; fileRef = 1D89E80C20E22A7000B67CAE /* MovieCollectionViewCell.m */; };
		1D89E81020E2336500B67CAE /* MovieViewModel.m in Sources */ = {isa = PBXBuildFile; fileRef = 1D89E80F20E2336500B67CAE /* MovieViewModel.m */; };
		630090927FD931BC0834C25A /* Pods_RAC_MVVM.framework in Frameworks */ = {isa = PBXBuildFile; fileRef = 822269D6A7E43D3EA2ED8D34 /* Pods_RAC_MVVM.framework */; };
/* End PBXBuildFile section */

/* Begin PBXContainerItemProxy section */
		1D89E7C620E0DF6F00B67CAE /* PBXContainerItemProxy */ = {
			isa = PBXContainerItemProxy;
			containerPortal = 1D89E7A520E0DF6D00B67CAE /* Project object */;
			proxyType = 1;
			remoteGlobalIDString = 1D89E7AC20E0DF6D00B67CAE;
			remoteInfo = RAC_MVVM;
		};
		1D89E7D120E0DF7000B67CAE /* PBXContainerItemProxy */ = {
			isa = PBXContainerItemProxy;
			containerPortal = 1D89E7A520E0DF6D00B67CAE /* Project object */;
			proxyType = 1;
			remoteGlobalIDString = 1D89E7AC20E0DF6D00B67CAE;
			remoteInfo = RAC_MVVM;
		};
/* End PBXContainerItemProxy section */

/* Begin PBXFileReference section */
		1D89E7AD20E0DF6D00B67CAE /* RAC_MVVM.app */ = {isa = PBXFileReference; explicitFileType = wrapper.application; includeInIndex = 0; path = RAC_MVVM.app; sourceTree = BUILT_PRODUCTS_DIR; };
		1D89E7B020E0DF6D00B67CAE /* AppDelegate.h */ = {isa = PBXFileReference; lastKnownFileType = sourcecode.c.h; path = AppDelegate.h; sourceTree = "<group>"; };
		1D89E7B120E0DF6D00B67CAE /* AppDelegate.m */ = {isa = PBXFileReference; lastKnownFileType = sourcecode.c.objc; path = AppDelegate.m; sourceTree = "<group>"; };
		1D89E7B320E0DF6D00B67CAE /* ViewController.h */ = {isa = PBXFileReference; lastKnownFileType = sourcecode.c.h; path = ViewController.h; sourceTree = "<group>"; };
		1D89E7B420E0DF6D00B67CAE /* ViewController.m */ = {isa = PBXFileReference; lastKnownFileType = sourcecode.c.objc; path = ViewController.m; sourceTree = "<group>"; };
		1D89E7B720E0DF6D00B67CAE /* Base */ = {isa = PBXFileReference; lastKnownFileType = file.storyboard; name = Base; path = Base.lproj/Main.storyboard; sourceTree = "<group>"; };
		1D89E7B920E0DF6F00B67CAE /* Assets.xcassets */ = {isa = PBXFileReference; lastKnownFileType = folder.assetcatalog; path = Assets.xcassets; sourceTree = "<group>"; };
		1D89E7BC20E0DF6F00B67CAE /* Base */ = {isa = PBXFileReference; lastKnownFileType = file.storyboard; name = Base; path = Base.lproj/LaunchScreen.storyboard; sourceTree = "<group>"; };
		1D89E7BE20E0DF6F00B67CAE /* Info.plist */ = {isa = PBXFileReference; lastKnownFileType = text.plist.xml; path = Info.plist; sourceTree = "<group>"; };
		1D89E7BF20E0DF6F00B67CAE /* main.m */ = {isa = PBXFileReference; lastKnownFileType = sourcecode.c.objc; path = main.m; sourceTree = "<group>"; };
		1D89E7C520E0DF6F00B67CAE /* RAC_MVVMTests.xctest */ = {isa = PBXFileReference; explicitFileType = wrapper.cfbundle; includeInIndex = 0; path = RAC_MVVMTests.xctest; sourceTree = BUILT_PRODUCTS_DIR; };
		1D89E7C920E0DF6F00B67CAE /* RAC_MVVMTests.m */ = {isa = PBXFileReference; lastKnownFileType = sourcecode.c.objc; path = RAC_MVVMTests.m; sourceTree = "<group>"; };
		1D89E7CB20E0DF6F00B67CAE /* Info.plist */ = {isa = PBXFileReference; lastKnownFileType = text.plist.xml; path = Info.plist; sourceTree = "<group>"; };
		1D89E7D020E0DF7000B67CAE /* RAC_MVVMUITests.xctest */ = {isa = PBXFileReference; explicitFileType = wrapper.cfbundle; includeInIndex = 0; path = RAC_MVVMUITests.xctest; sourceTree = BUILT_PRODUCTS_DIR; };
		1D89E7D420E0DF7000B67CAE /* RAC_MVVMUITests.m */ = {isa = PBXFileReference; lastKnownFileType = sourcecode.c.objc; path = RAC_MVVMUITests.m; sourceTree = "<group>"; };
		1D89E7D620E0DF7000B67CAE /* Info.plist */ = {isa = PBXFileReference; lastKnownFileType = text.plist.xml; path = Info.plist; sourceTree = "<group>"; };
		1D89E7E420E1DFE300B67CAE /* RACDelegateViewController.h */ = {isa = PBXFileReference; lastKnownFileType = sourcecode.c.h; path = RACDelegateViewController.h; sourceTree = "<group>"; };
		1D89E7E520E1DFE300B67CAE /* RACDelegateViewController.m */ = {isa = PBXFileReference; lastKnownFileType = sourcecode.c.objc; path = RACDelegateViewController.m; sourceTree = "<group>"; };
		1D89E7E720E1E01000B67CAE /* PrefixHeader.pch */ = {isa = PBXFileReference; lastKnownFileType = sourcecode.c.h; path = PrefixHeader.pch; sourceTree = "<group>"; };
		1D89E80520E2252400B67CAE /* ModelBase.h */ = {isa = PBXFileReference; lastKnownFileType = sourcecode.c.h; path = ModelBase.h; sourceTree = "<group>"; };
		1D89E80620E2252400B67CAE /* ModelBase.m */ = {isa = PBXFileReference; lastKnownFileType = sourcecode.c.objc; path = ModelBase.m; sourceTree = "<group>"; };
		1D89E80820E2253200B67CAE /* MovieModel.h */ = {isa = PBXFileReference; lastKnownFileType = sourcecode.c.h; path = MovieModel.h; sourceTree = "<group>"; };
		1D89E80920E2253200B67CAE /* MovieModel.m */ = {isa = PBXFileReference; lastKnownFileType = sourcecode.c.objc; path = MovieModel.m; sourceTree = "<group>"; };
		1D89E80B20E22A7000B67CAE /* MovieCollectionViewCell.h */ = {isa = PBXFileReference; lastKnownFileType = sourcecode.c.h; path = MovieCollectionViewCell.h; sourceTree = "<group>"; };
		1D89E80C20E22A7000B67CAE /* MovieCollectionViewCell.m */ = {isa = PBXFileReference; lastKnownFileType = sourcecode.c.objc; path = MovieCollectionViewCell.m; sourceTree = "<group>"; };
		1D89E80E20E2336500B67CAE /* MovieViewModel.h */ = {isa = PBXFileReference; lastKnownFileType = sourcecode.c.h; path = MovieViewModel.h; sourceTree = "<group>"; };
		1D89E80F20E2336500B67CAE /* MovieViewModel.m */ = {isa = PBXFileReference; lastKnownFileType = sourcecode.c.objc; path = MovieViewModel.m; sourceTree = "<group>"; };
		822269D6A7E43D3EA2ED8D34 /* Pods_RAC_MVVM.framework */ = {isa = PBXFileReference; explicitFileType = wrapper.framework; includeInIndex = 0; path = Pods_RAC_MVVM.framework; sourceTree = BUILT_PRODUCTS_DIR; };
		A3F2BDB708F78D98C85FF286 /* Pods-RAC_MVVM.release.xcconfig */ = {isa = PBXFileReference; includeInIndex = 1; lastKnownFileType = text.xcconfig; name = "Pods-RAC_MVVM.release.xcconfig"; path = "Pods/Target Support Files/Pods-RAC_MVVM/Pods-RAC_MVVM.release.xcconfig"; sourceTree = "<group>"; };
		E80C91D250C01B8CD8BB318A /* Pods-RAC_MVVM.debug.xcconfig */ = {isa = PBXFileReference; includeInIndex = 1; lastKnownFileType = text.xcconfig; name = "Pods-RAC_MVVM.debug.xcconfig"; path = "Pods/Target Support Files/Pods-RAC_MVVM/Pods-RAC_MVVM.debug.xcconfig"; sourceTree = "<group>"; };
/* End PBXFileReference section */

/* Begin PBXFrameworksBuildPhase section */
		1D89E7AA20E0DF6D00B67CAE /* Frameworks */ = {
			isa = PBXFrameworksBuildPhase;
			buildActionMask = 2147483647;
			files = (
				630090927FD931BC0834C25A /* Pods_RAC_MVVM.framework in Frameworks */,
			);
			runOnlyForDeploymentPostprocessing = 0;
		};
		1D89E7C220E0DF6F00B67CAE /* Frameworks */ = {
			isa = PBXFrameworksBuildPhase;
			buildActionMask = 2147483647;
			files = (
			);
			runOnlyForDeploymentPostprocessing = 0;
		};
		1D89E7CD20E0DF7000B67CAE /* Frameworks */ = {
			isa = PBXFrameworksBuildPhase;
			buildActionMask = 2147483647;
			files = (
			);
			runOnlyForDeploymentPostprocessing = 0;
		};
/* End PBXFrameworksBuildPhase section */

/* Begin PBXGroup section */
		1D89E7A420E0DF6D00B67CAE = {
			isa = PBXGroup;
			children = (
				1D89E7AF20E0DF6D00B67CAE /* RAC_MVVM */,
				1D89E7C820E0DF6F00B67CAE /* RAC_MVVMTests */,
				1D89E7D320E0DF7000B67CAE /* RAC_MVVMUITests */,
				1D89E7AE20E0DF6D00B67CAE /* Products */,
				E217174B58775F39D073F10F /* Pods */,
				5DD1998D6867235B6EE15691 /* Frameworks */,
			);
			sourceTree = "<group>";
		};
		1D89E7AE20E0DF6D00B67CAE /* Products */ = {
			isa = PBXGroup;
			children = (
				1D89E7AD20E0DF6D00B67CAE /* RAC_MVVM.app */,
				1D89E7C520E0DF6F00B67CAE /* RAC_MVVMTests.xctest */,
				1D89E7D020E0DF7000B67CAE /* RAC_MVVMUITests.xctest */,
			);
			name = Products;
			sourceTree = "<group>";
		};
		1D89E7AF20E0DF6D00B67CAE /* RAC_MVVM */ = {
			isa = PBXGroup;
			children = (
				1D89E7B020E0DF6D00B67CAE /* AppDelegate.h */,
				1D89E7B120E0DF6D00B67CAE /* AppDelegate.m */,
				1D89E80420E224DE00B67CAE /* ViewModel */,
				1D89E80320E224D200B67CAE /* Model */,
				1D89E80220E224CA00B67CAE /* View */,
				1D89E80120E224C000B67CAE /* Controller */,
				1D89E7E720E1E01000B67CAE /* PrefixHeader.pch */,
				1D89E7B620E0DF6D00B67CAE /* Main.storyboard */,
				1D89E7B920E0DF6F00B67CAE /* Assets.xcassets */,
				1D89E7BB20E0DF6F00B67CAE /* LaunchScreen.storyboard */,
				1D89E7BE20E0DF6F00B67CAE /* Info.plist */,
				1D89E7BF20E0DF6F00B67CAE /* main.m */,
			);
			path = RAC_MVVM;
			sourceTree = "<group>";
		};
		1D89E7C820E0DF6F00B67CAE /* RAC_MVVMTests */ = {
			isa = PBXGroup;
			children = (
				1D89E7C920E0DF6F00B67CAE /* RAC_MVVMTests.m */,
				1D89E7CB20E0DF6F00B67CAE /* Info.plist */,
			);
			path = RAC_MVVMTests;
			sourceTree = "<group>";
		};
		1D89E7D320E0DF7000B67CAE /* RAC_MVVMUITests */ = {
			isa = PBXGroup;
			children = (
				1D89E7D420E0DF7000B67CAE /* RAC_MVVMUITests.m */,
				1D89E7D620E0DF7000B67CAE /* Info.plist */,
			);
			path = RAC_MVVMUITests;
			sourceTree = "<group>";
		};
		1D89E80120E224C000B67CAE /* Controller */ = {
			isa = PBXGroup;
			children = (
				1D89E7B320E0DF6D00B67CAE /* ViewController.h */,
				1D89E7B420E0DF6D00B67CAE /* ViewController.m */,
				1D89E7E420E1DFE300B67CAE /* RACDelegateViewController.h */,
				1D89E7E520E1DFE300B67CAE /* RACDelegateViewController.m */,
			);
			path = Controller;
			sourceTree = "<group>";
		};
		1D89E80220E224CA00B67CAE /* View */ = {
			isa = PBXGroup;
			children = (
				1D89E80B20E22A7000B67CAE /* MovieCollectionViewCell.h */,
				1D89E80C20E22A7000B67CAE /* MovieCollectionViewCell.m */,
			);
			path = View;
			sourceTree = "<group>";
		};
		1D89E80320E224D200B67CAE /* Model */ = {
			isa = PBXGroup;
			children = (
				1D89E80520E2252400B67CAE /* ModelBase.h */,
				1D89E80620E2252400B67CAE /* ModelBase.m */,
				1D89E80820E2253200B67CAE /* MovieModel.h */,
				1D89E80920E2253200B67CAE /* MovieModel.m */,
			);
			path = Model;
			sourceTree = "<group>";
		};
		1D89E80420E224DE00B67CAE /* ViewModel */ = {
			isa = PBXGroup;
			children = (
				1D89E80E20E2336500B67CAE /* MovieViewModel.h */,
				1D89E80F20E2336500B67CAE /* MovieViewModel.m */,
			);
			path = ViewModel;
			sourceTree = "<group>";
		};
		5DD1998D6867235B6EE15691 /* Frameworks */ = {
			isa = PBXGroup;
			children = (
				822269D6A7E43D3EA2ED8D34 /* Pods_RAC_MVVM.framework */,
			);
			name = Frameworks;
			sourceTree = "<group>";
		};
		E217174B58775F39D073F10F /* Pods */ = {
			isa = PBXGroup;
			children = (
				E80C91D250C01B8CD8BB318A /* Pods-RAC_MVVM.debug.xcconfig */,
				A3F2BDB708F78D98C85FF286 /* Pods-RAC_MVVM.release.xcconfig */,
			);
			name = Pods;
			sourceTree = "<group>";
		};
/* End PBXGroup section */

/* Begin PBXNativeTarget section */
		1D89E7AC20E0DF6D00B67CAE /* RAC_MVVM */ = {
			isa = PBXNativeTarget;
			buildConfigurationList = 1D89E7D920E0DF7000B67CAE /* Build configuration list for PBXNativeTarget "RAC_MVVM" */;
			buildPhases = (
				5680E3BC8A75BA0D6CC775CE /* [CP] Check Pods Manifest.lock */,
				1D89E7A920E0DF6D00B67CAE /* Sources */,
				1D89E7AA20E0DF6D00B67CAE /* Frameworks */,
				1D89E7AB20E0DF6D00B67CAE /* Resources */,
				F9EC9047F2501A1370C019CB /* [CP] Embed Pods Frameworks */,
			);
			buildRules = (
			);
			dependencies = (
			);
			name = RAC_MVVM;
			productName = RAC_MVVM;
			productReference = 1D89E7AD20E0DF6D00B67CAE /* RAC_MVVM.app */;
			productType = "com.apple.product-type.application";
		};
		1D89E7C420E0DF6F00B67CAE /* RAC_MVVMTests */ = {
			isa = PBXNativeTarget;
			buildConfigurationList = 1D89E7DC20E0DF7000B67CAE /* Build configuration list for PBXNativeTarget "RAC_MVVMTests" */;
			buildPhases = (
				1D89E7C120E0DF6F00B67CAE /* Sources */,
				1D89E7C220E0DF6F00B67CAE /* Frameworks */,
				1D89E7C320E0DF6F00B67CAE /* Resources */,
			);
			buildRules = (
			);
			dependencies = (
				1D89E7C720E0DF6F00B67CAE /* PBXTargetDependency */,
			);
			name = RAC_MVVMTests;
			productName = RAC_MVVMTests;
			productReference = 1D89E7C520E0DF6F00B67CAE /* RAC_MVVMTests.xctest */;
			productType = "com.apple.product-type.bundle.unit-test";
		};
		1D89E7CF20E0DF7000B67CAE /* RAC_MVVMUITests */ = {
			isa = PBXNativeTarget;
			buildConfigurationList = 1D89E7DF20E0DF7000B67CAE /* Build configuration list for PBXNativeTarget "RAC_MVVMUITests" */;
			buildPhases = (
				1D89E7CC20E0DF7000B67CAE /* Sources */,
				1D89E7CD20E0DF7000B67CAE /* Frameworks */,
				1D89E7CE20E0DF7000B67CAE /* Resources */,
			);
			buildRules = (
			);
			dependencies = (
				1D89E7D220E0DF7000B67CAE /* PBXTargetDependency */,
			);
			name = RAC_MVVMUITests;
			productName = RAC_MVVMUITests;
			productReference = 1D89E7D020E0DF7000B67CAE /* RAC_MVVMUITests.xctest */;
			productType = "com.apple.product-type.bundle.ui-testing";
		};
/* End PBXNativeTarget section */

/* Begin PBXProject section */
		1D89E7A520E0DF6D00B67CAE /* Project object */ = {
			isa = PBXProject;
			attributes = {
				LastUpgradeCheck = 0940;
				ORGANIZATIONNAME = "深圳市木槿科技有限公司";
				TargetAttributes = {
					1D89E7AC20E0DF6D00B67CAE = {
						CreatedOnToolsVersion = 9.4;
					};
					1D89E7C420E0DF6F00B67CAE = {
						CreatedOnToolsVersion = 9.4;
						TestTargetID = 1D89E7AC20E0DF6D00B67CAE;
					};
					1D89E7CF20E0DF7000B67CAE = {
						CreatedOnToolsVersion = 9.4;
						TestTargetID = 1D89E7AC20E0DF6D00B67CAE;
					};
				};
			};
			buildConfigurationList = 1D89E7A820E0DF6D00B67CAE /* Build configuration list for PBXProject "RAC_MVVM" */;
			compatibilityVersion = "Xcode 9.3";
			developmentRegion = en;
			hasScannedForEncodings = 0;
			knownRegions = (
				en,
				Base,
			);
			mainGroup = 1D89E7A420E0DF6D00B67CAE;
			productRefGroup = 1D89E7AE20E0DF6D00B67CAE /* Products */;
			projectDirPath = "";
			projectRoot = "";
			targets = (
				1D89E7AC20E0DF6D00B67CAE /* RAC_MVVM */,
				1D89E7C420E0DF6F00B67CAE /* RAC_MVVMTests */,
				1D89E7CF20E0DF7000B67CAE /* RAC_MVVMUITests */,
			);
		};
/* End PBXProject section */

/* Begin PBXResourcesBuildPhase section */
		1D89E7AB20E0DF6D00B67CAE /* Resources */ = {
			isa = PBXResourcesBuildPhase;
			buildActionMask = 2147483647;
			files = (
				1D89E7BD20E0DF6F00B67CAE /* LaunchScreen.storyboard in Resources */,
				1D89E7BA20E0DF6F00B67CAE /* Assets.xcassets in Resources */,
				1D89E7B820E0DF6D00B67CAE /* Main.storyboard in Resources */,
			);
			runOnlyForDeploymentPostprocessing = 0;
		};
		1D89E7C320E0DF6F00B67CAE /* Resources */ = {
			isa = PBXResourcesBuildPhase;
			buildActionMask = 2147483647;
			files = (
			);
			runOnlyForDeploymentPostprocessing = 0;
		};
		1D89E7CE20E0DF7000B67CAE /* Resources */ = {
			isa = PBXResourcesBuildPhase;
			buildActionMask = 2147483647;
			files = (
			);
			runOnlyForDeploymentPostprocessing = 0;
		};
/* End PBXResourcesBuildPhase section */

/* Begin PBXShellScriptBuildPhase section */
		5680E3BC8A75BA0D6CC775CE /* [CP] Check Pods Manifest.lock */ = {
			isa = PBXShellScriptBuildPhase;
			buildActionMask = 2147483647;
			files = (
			);
			inputPaths = (
				"${PODS_PODFILE_DIR_PATH}/Podfile.lock",
				"${PODS_ROOT}/Manifest.lock",
			);
			name = "[CP] Check Pods Manifest.lock";
			outputPaths = (
				"$(DERIVED_FILE_DIR)/Pods-RAC_MVVM-checkManifestLockResult.txt",
			);
			runOnlyForDeploymentPostprocessing = 0;
			shellPath = /bin/sh;
			shellScript = "diff \"${PODS_PODFILE_DIR_PATH}/Podfile.lock\" \"${PODS_ROOT}/Manifest.lock\" > /dev/null\nif [ $? != 0 ] ; then\n    # print error to STDERR\n    echo \"error: The sandbox is not in sync with the Podfile.lock. Run 'pod install' or update your CocoaPods installation.\" >&2\n    exit 1\nfi\n# This output is used by Xcode 'outputs' to avoid re-running this script phase.\necho \"SUCCESS\" > \"${SCRIPT_OUTPUT_FILE_0}\"\n";
			showEnvVarsInLog = 0;
		};
		F9EC9047F2501A1370C019CB /* [CP] Embed Pods Frameworks */ = {
			isa = PBXShellScriptBuildPhase;
			buildActionMask = 2147483647;
			files = (
			);
			inputPaths = (
				"${SRCROOT}/Pods/Target Support Files/Pods-RAC_MVVM/Pods-RAC_MVVM-frameworks.sh",
				"${BUILT_PRODUCTS_DIR}/AFNetworking/AFNetworking.framework",
				"${BUILT_PRODUCTS_DIR}/BlocksKit/BlocksKit.framework",
				"${BUILT_PRODUCTS_DIR}/Masonry/Masonry.framework",
				"${BUILT_PRODUCTS_DIR}/Motis/Motis.framework",
				"${BUILT_PRODUCTS_DIR}/ReactiveCocoa/ReactiveCocoa.framework",
				"${BUILT_PRODUCTS_DIR}/SDWebImage/SDWebImage.framework",
				"${BUILT_PRODUCTS_DIR}/SVProgressHUD/SVProgressHUD.framework",
			);
			name = "[CP] Embed Pods Frameworks";
			outputPaths = (
				"${TARGET_BUILD_DIR}/${FRAMEWORKS_FOLDER_PATH}/AFNetworking.framework",
				"${TARGET_BUILD_DIR}/${FRAMEWORKS_FOLDER_PATH}/BlocksKit.framework",
				"${TARGET_BUILD_DIR}/${FRAMEWORKS_FOLDER_PATH}/Masonry.framework",
				"${TARGET_BUILD_DIR}/${FRAMEWORKS_FOLDER_PATH}/Motis.framework",
				"${TARGET_BUILD_DIR}/${FRAMEWORKS_FOLDER_PATH}/ReactiveCocoa.framework",
				"${TARGET_BUILD_DIR}/${FRAMEWORKS_FOLDER_PATH}/SDWebImage.framework",
				"${TARGET_BUILD_DIR}/${FRAMEWORKS_FOLDER_PATH}/SVProgressHUD.framework",
			);
			runOnlyForDeploymentPostprocessing = 0;
			shellPath = /bin/sh;
			shellScript = "\"${SRCROOT}/Pods/Target Support Files/Pods-RAC_MVVM/Pods-RAC_MVVM-frameworks.sh\"\n";
			showEnvVarsInLog = 0;
		};
/* End PBXShellScriptBuildPhase section */

/* Begin PBXSourcesBuildPhase section */
		1D89E7A920E0DF6D00B67CAE /* Sources */ = {
			isa = PBXSourcesBuildPhase;
			buildActionMask = 2147483647;
			files = (
				1D89E80720E2252400B67CAE /* ModelBase.m in Sources */,
				1D89E7B520E0DF6D00B67CAE /* ViewController.m in Sources */,
				1D89E7C020E0DF6F00B67CAE /* main.m in Sources */,
				1D89E7E620E1DFE300B67CAE /* RACDelegateViewController.m in Sources */,
				1D89E80A20E2253300B67CAE /* MovieModel.m in Sources */,
				1D89E7B220E0DF6D00B67CAE /* AppDelegate.m in Sources */,
				1D89E80D20E22A7000B67CAE /* MovieCollectionViewCell.m in Sources */,
				1D89E81020E2336500B67CAE /* MovieViewModel.m in Sources */,
			);
			runOnlyForDeploymentPostprocessing = 0;
		};
		1D89E7C120E0DF6F00B67CAE /* Sources */ = {
			isa = PBXSourcesBuildPhase;
			buildActionMask = 2147483647;
			files = (
				1D89E7CA20E0DF6F00B67CAE /* RAC_MVVMTests.m in Sources */,
			);
			runOnlyForDeploymentPostprocessing = 0;
		};
		1D89E7CC20E0DF7000B67CAE /* Sources */ = {
			isa = PBXSourcesBuildPhase;
			buildActionMask = 2147483647;
			files = (
				1D89E7D520E0DF7000B67CAE /* RAC_MVVMUITests.m in Sources */,
			);
			runOnlyForDeploymentPostprocessing = 0;
		};
/* End PBXSourcesBuildPhase section */

/* Begin PBXTargetDependency section */
		1D89E7C720E0DF6F00B67CAE /* PBXTargetDependency */ = {
			isa = PBXTargetDependency;
			target = 1D89E7AC20E0DF6D00B67CAE /* RAC_MVVM */;
			targetProxy = 1D89E7C620E0DF6F00B67CAE /* PBXContainerItemProxy */;
		};
		1D89E7D220E0DF7000B67CAE /* PBXTargetDependency */ = {
			isa = PBXTargetDependency;
			target = 1D89E7AC20E0DF6D00B67CAE /* RAC_MVVM */;
			targetProxy = 1D89E7D120E0DF7000B67CAE /* PBXContainerItemProxy */;
		};
/* End PBXTargetDependency section */

/* Begin PBXVariantGroup section */
		1D89E7B620E0DF6D00B67CAE /* Main.storyboard */ = {
			isa = PBXVariantGroup;
			children = (
				1D89E7B720E0DF6D00B67CAE /* Base */,
			);
			name = Main.storyboard;
			sourceTree = "<group>";
		};
		1D89E7BB20E0DF6F00B67CAE /* LaunchScreen.storyboard */ = {
			isa = PBXVariantGroup;
			children = (
				1D89E7BC20E0DF6F00B67CAE /* Base */,
			);
			name = LaunchScreen.storyboard;
			sourceTree = "<group>";
		};
/* End PBXVariantGroup section */

/* Begin XCBuildConfiguration section */
		1D89E7D720E0DF7000B67CAE /* Debug */ = {
			isa = XCBuildConfiguration;
			buildSettings = {
				ALWAYS_SEARCH_USER_PATHS = NO;
				CLANG_ANALYZER_NONNULL = YES;
				CLANG_ANALYZER_NUMBER_OBJECT_CONVERSION = YES_AGGRESSIVE;
				CLANG_CXX_LANGUAGE_STANDARD = "gnu++14";
				CLANG_CXX_LIBRARY = "libc++";
				CLANG_ENABLE_MODULES = YES;
				CLANG_ENABLE_OBJC_ARC = YES;
				CLANG_ENABLE_OBJC_WEAK = YES;
				CLANG_WARN_BLOCK_CAPTURE_AUTORELEASING = YES;
				CLANG_WARN_BOOL_CONVERSION = YES;
				CLANG_WARN_COMMA = YES;
				CLANG_WARN_CONSTANT_CONVERSION = YES;
				CLANG_WARN_DEPRECATED_OBJC_IMPLEMENTATIONS = YES;
				CLANG_WARN_DIRECT_OBJC_ISA_USAGE = YES_ERROR;
				CLANG_WARN_DOCUMENTATION_COMMENTS = YES;
				CLANG_WARN_EMPTY_BODY = YES;
				CLANG_WARN_ENUM_CONVERSION = YES;
				CLANG_WARN_INFINITE_RECURSION = YES;
				CLANG_WARN_INT_CONVERSION = YES;
				CLANG_WARN_NON_LITERAL_NULL_CONVERSION = YES;
				CLANG_WARN_OBJC_IMPLICIT_RETAIN_SELF = YES;
				CLANG_WARN_OBJC_LITERAL_CONVERSION = YES;
				CLANG_WARN_OBJC_ROOT_CLASS = YES_ERROR;
				CLANG_WARN_RANGE_LOOP_ANALYSIS = YES;
				CLANG_WARN_STRICT_PROTOTYPES = YES;
				CLANG_WARN_SUSPICIOUS_MOVE = YES;
				CLANG_WARN_UNGUARDED_AVAILABILITY = YES_AGGRESSIVE;
				CLANG_WARN_UNREACHABLE_CODE = YES;
				CLANG_WARN__DUPLICATE_METHOD_MATCH = YES;
				CODE_SIGN_IDENTITY = "iPhone Developer";
				COPY_PHASE_STRIP = NO;
				DEBUG_INFORMATION_FORMAT = dwarf;
				ENABLE_STRICT_OBJC_MSGSEND = YES;
				ENABLE_TESTABILITY = YES;
				GCC_C_LANGUAGE_STANDARD = gnu11;
				GCC_DYNAMIC_NO_PIC = NO;
				GCC_NO_COMMON_BLOCKS = YES;
				GCC_OPTIMIZATION_LEVEL = 0;
				GCC_PREPROCESSOR_DEFINITIONS = (
					"DEBUG=1",
					"$(inherited)",
				);
				GCC_WARN_64_TO_32_BIT_CONVERSION = YES;
				GCC_WARN_ABOUT_RETURN_TYPE = YES_ERROR;
				GCC_WARN_UNDECLARED_SELECTOR = YES;
				GCC_WARN_UNINITIALIZED_AUTOS = YES_AGGRESSIVE;
				GCC_WARN_UNUSED_FUNCTION = YES;
				GCC_WARN_UNUSED_VARIABLE = YES;
				IPHONEOS_DEPLOYMENT_TARGET = 11.4;
				MTL_ENABLE_DEBUG_INFO = YES;
				ONLY_ACTIVE_ARCH = YES;
				SDKROOT = iphoneos;
			};
			name = Debug;
		};
		1D89E7D820E0DF7000B67CAE /* Release */ = {
			isa = XCBuildConfiguration;
			buildSettings = {
				ALWAYS_SEARCH_USER_PATHS = NO;
				CLANG_ANALYZER_NONNULL = YES;
				CLANG_ANALYZER_NUMBER_OBJECT_CONVERSION = YES_AGGRESSIVE;
				CLANG_CXX_LANGUAGE_STANDARD = "gnu++14";
				CLANG_CXX_LIBRARY = "libc++";
				CLANG_ENABLE_MODULES = YES;
				CLANG_ENABLE_OBJC_ARC = YES;
				CLANG_ENABLE_OBJC_WEAK = YES;
				CLANG_WARN_BLOCK_CAPTURE_AUTORELEASING = YES;
				CLANG_WARN_BOOL_CONVERSION = YES;
				CLANG_WARN_COMMA = YES;
				CLANG_WARN_CONSTANT_CONVERSION = YES;
				CLANG_WARN_DEPRECATED_OBJC_IMPLEMENTATIONS = YES;
				CLANG_WARN_DIRECT_OBJC_ISA_USAGE = YES_ERROR;
				CLANG_WARN_DOCUMENTATION_COMMENTS = YES;
				CLANG_WARN_EMPTY_BODY = YES;
				CLANG_WARN_ENUM_CONVERSION = YES;
				CLANG_WARN_INFINITE_RECURSION = YES;
				CLANG_WARN_INT_CONVERSION = YES;
				CLANG_WARN_NON_LITERAL_NULL_CONVERSION = YES;
				CLANG_WARN_OBJC_IMPLICIT_RETAIN_SELF = YES;
				CLANG_WARN_OBJC_LITERAL_CONVERSION = YES;
				CLANG_WARN_OBJC_ROOT_CLASS = YES_ERROR;
				CLANG_WARN_RANGE_LOOP_ANALYSIS = YES;
				CLANG_WARN_STRICT_PROTOTYPES = YES;
				CLANG_WARN_SUSPICIOUS_MOVE = YES;
				CLANG_WARN_UNGUARDED_AVAILABILITY = YES_AGGRESSIVE;
				CLANG_WARN_UNREACHABLE_CODE = YES;
				CLANG_WARN__DUPLICATE_METHOD_MATCH = YES;
				CODE_SIGN_IDENTITY = "iPhone Developer";
				COPY_PHASE_STRIP = NO;
				DEBUG_INFORMATION_FORMAT = "dwarf-with-dsym";
				ENABLE_NS_ASSERTIONS = NO;
				ENABLE_STRICT_OBJC_MSGSEND = YES;
				GCC_C_LANGUAGE_STANDARD = gnu11;
				GCC_NO_COMMON_BLOCKS = YES;
				GCC_WARN_64_TO_32_BIT_CONVERSION = YES;
				GCC_WARN_ABOUT_RETURN_TYPE = YES_ERROR;
				GCC_WARN_UNDECLARED_SELECTOR = YES;
				GCC_WARN_UNINITIALIZED_AUTOS = YES_AGGRESSIVE;
				GCC_WARN_UNUSED_FUNCTION = YES;
				GCC_WARN_UNUSED_VARIABLE = YES;
				IPHONEOS_DEPLOYMENT_TARGET = 11.4;
				MTL_ENABLE_DEBUG_INFO = NO;
				SDKROOT = iphoneos;
				VALIDATE_PRODUCT = YES;
			};
			name = Release;
		};
		1D89E7DA20E0DF7000B67CAE /* Debug */ = {
			isa = XCBuildConfiguration;
			baseConfigurationReference = E80C91D250C01B8CD8BB318A /* Pods-RAC_MVVM.debug.xcconfig */;
			buildSettings = {
				ASSETCATALOG_COMPILER_APPICON_NAME = AppIcon;
				CODE_SIGN_STYLE = Automatic;
				DEVELOPMENT_TEAM = Y4K5H3J697;
				GCC_PREFIX_HEADER = /Users/shenzhenshimujinkejiyouxiangongsi/Desktop/RAC_MVVM/RAC_MVVM/PrefixHeader.pch;
				INFOPLIST_FILE = RAC_MVVM/Info.plist;
				IPHONEOS_DEPLOYMENT_TARGET = 9.0;
				LD_RUNPATH_SEARCH_PATHS = (
					"$(inherited)",
					"@executable_path/Frameworks",
				);
				PRODUCT_BUNDLE_IDENTIFIER = "mujinkeji.com.RAC-MVVM";
				PRODUCT_NAME = "$(TARGET_NAME)";
				TARGETED_DEVICE_FAMILY = "1,2";
			};
			name = Debug;
		};
		1D89E7DB20E0DF7000B67CAE /* Release */ = {
			isa = XCBuildConfiguration;
			baseConfigurationReference = A3F2BDB708F78D98C85FF286 /* Pods-RAC_MVVM.release.xcconfig */;
			buildSettings = {
				ASSETCATALOG_COMPILER_APPICON_NAME = AppIcon;
				CODE_SIGN_STYLE = Automatic;
				DEVELOPMENT_TEAM = Y4K5H3J697;
				GCC_PREFIX_HEADER = /Users/shenzhenshimujinkejiyouxiangongsi/Desktop/RAC_MVVM/RAC_MVVM/PrefixHeader.pch;
				INFOPLIST_FILE = RAC_MVVM/Info.plist;
				IPHONEOS_DEPLOYMENT_TARGET = 9.0;
				LD_RUNPATH_SEARCH_PATHS = (
					"$(inherited)",
					"@executable_path/Frameworks",
				);
				PRODUCT_BUNDLE_IDENTIFIER = "mujinkeji.com.RAC-MVVM";
				PRODUCT_NAME = "$(TARGET_NAME)";
				TARGETED_DEVICE_FAMILY = "1,2";
			};
			name = Release;
		};
		1D89E7DD20E0DF7000B67CAE /* Debug */ = {
			isa = XCBuildConfiguration;
			buildSettings = {
				BUNDLE_LOADER = "$(TEST_HOST)";
				CODE_SIGN_STYLE = Automatic;
				DEVELOPMENT_TEAM = Y4K5H3J697;
				INFOPLIST_FILE = RAC_MVVMTests/Info.plist;
				LD_RUNPATH_SEARCH_PATHS = (
					"$(inherited)",
					"@executable_path/Frameworks",
					"@loader_path/Frameworks",
				);
				PRODUCT_BUNDLE_IDENTIFIER = "mujinkeji.com.RAC-MVVMTests";
				PRODUCT_NAME = "$(TARGET_NAME)";
				TARGETED_DEVICE_FAMILY = "1,2";
				TEST_HOST = "$(BUILT_PRODUCTS_DIR)/RAC_MVVM.app/RAC_MVVM";
			};
			name = Debug;
		};
		1D89E7DE20E0DF7000B67CAE /* Release */ = {
			isa = XCBuildConfiguration;
			buildSettings = {
				BUNDLE_LOADER = "$(TEST_HOST)";
				CODE_SIGN_STYLE = Automatic;
				DEVELOPMENT_TEAM = Y4K5H3J697;
				INFOPLIST_FILE = RAC_MVVMTests/Info.plist;
				LD_RUNPATH_SEARCH_PATHS = (
					"$(inherited)",
					"@executable_path/Frameworks",
					"@loader_path/Frameworks",
				);
				PRODUCT_BUNDLE_IDENTIFIER = "mujinkeji.com.RAC-MVVMTests";
				PRODUCT_NAME = "$(TARGET_NAME)";
				TARGETED_DEVICE_FAMILY = "1,2";
				TEST_HOST = "$(BUILT_PRODUCTS_DIR)/RAC_MVVM.app/RAC_MVVM";
			};
			name = Release;
		};
		1D89E7E020E0DF7000B67CAE /* Debug */ = {
			isa = XCBuildConfiguration;
			buildSettings = {
				CODE_SIGN_STYLE = Automatic;
				DEVELOPMENT_TEAM = Y4K5H3J697;
				INFOPLIST_FILE = RAC_MVVMUITests/Info.plist;
				LD_RUNPATH_SEARCH_PATHS = (
					"$(inherited)",
					"@executable_path/Frameworks",
					"@loader_path/Frameworks",
				);
				PRODUCT_BUNDLE_IDENTIFIER = "mujinkeji.com.RAC-MVVMUITests";
				PRODUCT_NAME = "$(TARGET_NAME)";
				TARGETED_DEVICE_FAMILY = "1,2";
				TEST_TARGET_NAME = RAC_MVVM;
			};
			name = Debug;
		};
		1D89E7E120E0DF7000B67CAE /* Release */ = {
			isa = XCBuildConfiguration;
			buildSettings = {
				CODE_SIGN_STYLE = Automatic;
				DEVELOPMENT_TEAM = Y4K5H3J697;
				INFOPLIST_FILE = RAC_MVVMUITests/Info.plist;
				LD_RUNPATH_SEARCH_PATHS = (
					"$(inherited)",
					"@executable_path/Frameworks",
					"@loader_path/Frameworks",
				);
				PRODUCT_BUNDLE_IDENTIFIER = "mujinkeji.com.RAC-MVVMUITests";
				PRODUCT_NAME = "$(TARGET_NAME)";
				TARGETED_DEVICE_FAMILY = "1,2";
				TEST_TARGET_NAME = RAC_MVVM;
			};
			name = Release;
		};
/* End XCBuildConfiguration section */

/* Begin XCConfigurationList section */
		1D89E7A820E0DF6D00B67CAE /* Build configuration list for PBXProject "RAC_MVVM" */ = {
			isa = XCConfigurationList;
			buildConfigurations = (
				1D89E7D720E0DF7000B67CAE /* Debug */,
				1D89E7D820E0DF7000B67CAE /* Release */,
			);
			defaultConfigurationIsVisible = 0;
			defaultConfigurationName = Release;
		};
		1D89E7D920E0DF7000B67CAE /* Build configuration list for PBXNativeTarget "RAC_MVVM" */ = {
			isa = XCConfigurationList;
			buildConfigurations = (
				1D89E7DA20E0DF7000B67CAE /* Debug */,
				1D89E7DB20E0DF7000B67CAE /* Release */,
			);
			defaultConfigurationIsVisible = 0;
			defaultConfigurationName = Release;
		};
		1D89E7DC20E0DF7000B67CAE /* Build configuration list for PBXNativeTarget "RAC_MVVMTests" */ = {
			isa = XCConfigurationList;
			buildConfigurations = (
				1D89E7DD20E0DF7000B67CAE /* Debug */,
				1D89E7DE20E0DF7000B67CAE /* Release */,
			);
			defaultConfigurationIsVisible = 0;
			defaultConfigurationName = Release;
		};
		1D89E7DF20E0DF7000B67CAE /* Build configuration list for PBXNativeTarget "RAC_MVVMUITests" */ = {
			isa = XCConfigurationList;
			buildConfigurations = (
				1D89E7E020E0DF7000B67CAE /* Debug */,
				1D89E7E120E0DF7000B67CAE /* Release */,
			);
			defaultConfigurationIsVisible = 0;
			defaultConfigurationName = Release;
		};
/* End XCConfigurationList section */
	};
	rootObject = 1D89E7A520E0DF6D00B67CAE /* Project object */;
}
